# THIS IS AN AUTOGENERATED FILE. DO NOT EDIT THIS FILE DIRECTLY.
# yarn lockfile v1


detect-indent@^7.0.2:
  version "7.0.2"
  resolved "https://registry.yarnpkg.com/detect-indent/-/detect-indent-7.0.2.tgz#16c516bf75d4b2f759f68214554996d467c8d648"
  integrity sha512-y+8xyqdGLL+6sh0tVeHcfP/QDd8gUgbasolJJpY7NgeQGSZ739bDtSiaiDgtoicy+mtYB81dKLxO9xRhCyIB3A==

detect-newline@^4.0.1:
  version "4.0.1"
  resolved "https://registry.yarnpkg.com/detect-newline/-/detect-newline-4.0.1.tgz#fcefdb5713e1fb8cb2839b8b6ee22e6716ab8f23"
  integrity sha512-qE3Veg1YXzGHQhlA6jzebZN2qVf6NX+A7m7qlhCGG30dJixrAQhYOsJjsnBjJkCSmuOPpCk30145fr8FV0bzog==

fdir@^6.5.0:
  version "6.5.0"
  resolved "https://registry.yarnpkg.com/fdir/-/fdir-6.5.0.tgz#ed2ab967a331ade62f18d077dae192684d50d350"
  integrity sha512-tIbYtZbucOs0BRGqPJkshJUYdL+SDH7dVM8gjy+ERp3WAUjLEFJE+02kanyHtwjWOnwrKYBiwAmM0p4kLJAnXg==

git-hooks-list@^4.1.1:
  version "4.2.1"
  resolved "https://registry.yarnpkg.com/git-hooks-list/-/git-hooks-list-4.2.1.tgz#82b3ad119ec2da8a6d57228bd68d8e432afc418c"
  integrity sha512-WNvqJjOxxs/8ZP9+DWdwWJ7cDsd60NHf39XnD82pDVrKO5q7xfPqpkK6hwEAmBa/ZSEE4IOoR75EzbbIuwGlMw==

is-plain-obj@^4.1.0:
  version "4.1.0"
  resolved "https://registry.yarnpkg.com/is-plain-obj/-/is-plain-obj-4.1.0.tgz#d65025edec3657ce032fd7db63c97883eaed71f0"
  integrity sha512-+Pgi+vMuUNkJyExiMBt5IlFoMyKnr5zhJ4Uspz58WOhBF5QoIZkFyNHIbBAtHwzVAgk5RtndVNsDRN61/mmDqg==

picomatch@^4.0.4:
  version "4.0.7"
  resolved "https://registry.yarnpkg.com/picomatch/-/picomatch-4.0.7.tgz#6313360034ccb36b3dc61ecbdff78121f90fe21f"
  integrity sha512-qcJu88Q2IWqJsDD529JKMdwGm/dvInW4HvQnRwiH9JtihJvzGOscDtHE3x1pBKeUOTysQ8kVmLnJ2kJu7yhcGA==

prettier-plugin-java@2.10.3:
  version "2.10.3"
  resolved "https://registry.yarnpkg.com/prettier-plugin-java/-/prettier-plugin-java-2.10.3.tgz#ab5e0cf70a0671e9076df247e76760fb0a9e2352"
  integrity sha512-/g52mTbsN2ee8JjLRpBWGGmcmRhdv2zRWyj4QbsL9CQ+nKR022GRJhebwEpRyaCc8hLV6aO3JPGNQyXp1DPrCA==
  dependencies:
    web-tree-sitter "0.26.11"

prettier-plugin-packagejson@3.0.2:
  version "3.0.2"
  resolved "https://registry.yarnpkg.com/prettier-plugin-packagejson/-/prettier-plugin-packagejson-3.0.2.tgz#2b83040eedb275ef888d5ad544e7d51019dc1200"
  integrity sha512-kmoj3hEynXwoHDo8ZhmWAIjRBoQWCDUVackiWfSDWdgD0rS3LGB61T9zoVbume/cotYdCoadUh4sqViAmXvpBQ==
  dependencies:
    sort-package-json "^3.6.0"

prettier@3.9.6:
  version "3.9.6"
  resolved "https://registry.yarnpkg.com/prettier/-/prettier-3.9.6.tgz#b3ea5146515d40fc53f18aa63f74dfab1e10dbf6"
  integrity sha512-OpN0zzVdiaiAhxpuuj5efpIS4sY9j7bY6uR5mnj5yPzGkdkjNKSJeUThPb60Jw29QuAZgA4o+/iB49kFiaBX6g==

semver@^7.7.3:
  version "7.8.5"
  resolved "https://registry.yarnpkg.com/semver/-/semver-7.8.5.tgz#39b646037dd50c14fb451e7e4cac58ed8b863f69"
  integrity sha512-Y7/KDsb8LjooZpwaqGyulO6DQlksgCncchHGk+sZIY4SBvUocMBEFH5Ur1fI4dV+Jvl0w6cjvucaIi40puRioA==

sort-object-keys@^2.0.1:
  version "2.1.0"
  resolved "https://registry.yarnpkg.com/sort-object-keys/-/sort-object-keys-2.1.0.tgz#af24fbb7b91fcca945399a04fa900a10f9506242"
  integrity sha512-SOiEnthkJKPv2L6ec6HMwhUcN0/lppkeYuN1x63PbyPRrgSPIuBJCiYxYyvWRTtjMlOi14vQUCGUJqS6PLVm8g==

sort-package-json@^3.6.0:
  version "3.7.1"
  resolved "https://registry.yarnpkg.com/sort-package-json/-/sort-package-json-3.7.1.tgz#7f2e9815fe25a74df5b0ea725e4d8c9cb43b36fc"
  integrity sha512-ssk1HG7whF8N/T1IsNAQrtHG5Cbdi0rAgRJZXYBr9hF5xaHnBNzUx/W6LcthEW7FhOwvZssbESZuO+GxssqAyA==
  dependencies:
    detect-indent "^7.0.2"
    detect-newline "^4.0.1"
    git-hooks-list "^4.1.1"
    is-plain-obj "^4.1.0"
    semver "^7.7.3"
    sort-object-keys "^2.0.1"
    tinyglobby "^0.2.15"

tinyglobby@^0.2.15:
  version "0.2.17"
  resolved "https://registry.yarnpkg.com/tinyglobby/-/tinyglobby-0.2.17.tgz#562a9a6c9eb2b3b123d39719f9af5bb44fcd7631"
  integrity sha512-wXR/dYpcqKmfWpEdZjiKJOwCNFndD0DMnrW/cYjVGttEkBfVgcLFHoNrlj47mjOVic9yyNu65alsgF4NQyTa2g==
  dependencies:
    fdir "^6.5.0"
    picomatch "^4.0.4"

web-tree-sitter@0.26.11:
  version "0.26.11"
  resolved "https://registry.yarnpkg.com/web-tree-sitter/-/web-tree-sitter-0.26.11.tgz#4cf91d060f4203b9975bf7f8f66008b1466457d6"
  integrity sha512-Q5Dm3YTIXSXuH6FxX6RuzX2Qwpc4DPGiYMU87Wg5Z8OIStiQFiUex4zMDc0vBTw78EphaYJacncJghCHzbZptg==
